dependencies:
- name: common
  repository: https://charts.bitnami.com/bitnami
  version: 2.14.1
- name: backstage
  repository: https://backstage.github.io/charts
  version: 1.9.1
digest: sha256:ad2884c0508c57ac419d7550916c3d2a19a83801df5ba77fd3ff3eaefe65da8d
generated: "2024-02-26T10:57:44.803737+01:00"
